
Microsoft Visual Studio Solution File, Format Version 12.00
# Visual Studio Version 17
VisualStudioVersion = 17.9.34728.123
MinimumVisualStudioVersion = 10.0.40219.1
Project("{FAE04EC0-301F-11D3-BF4B-00C04F79EFBC}") = "StudentList", "StudentList\StudentList.csproj", "{0ED3923D-F5BC-4745-B72C-5A12C6B58108}"
EndProject
Global
	GlobalSection(SolutionConfigurationPlatforms) = preSolution
		Debug|Any CPU = Debug|Any CPU
		Release|Any CPU = Release|Any CPU
	EndGlobalSection
	GlobalSection(ProjectConfigurationPlatforms) = postSolution
		{0ED3923D-F5BC-4745-B72C-5A12C6B58108}.Debug|Any CPU.ActiveCfg = Debug|Any CPU
		{0ED3923D-F5BC-4745-B72C-5A12C6B58108}.Debug|Any CPU.Build.0 = Debug|Any CPU
		{0ED3923D-F5BC-4745-B72C-5A12C6B58108}.Release|Any CPU.ActiveCfg = Release|Any CPU
		{0ED3923D-F5BC-4745-B72C-5A12C6B58108}.Release|Any CPU.Build.0 = Release|Any CPU
	EndGlobalSection
	GlobalSection(SolutionProperties) = preSolution
		HideSolutionNode = FALSE
	EndGlobalSection
	GlobalSection(ExtensibilityGlobals) = postSolution
		SolutionGuid = {B6EFCEA3-37F3-4135-A95C-1DCD01EC6283}
	EndGlobalSection
EndGlobal
